
Microsoft Visual Studio Solution File, Format Version 12.00
Project("{FAE04EC0-301F-11D3-BF4B-00C04F79EFBC}") = "FitRectangle", "FitRectangle\FitRectangle.csproj", "{18FAC2CE-2A86-424E-8D91-A6BF50B70B61}"
EndProject
Project("{FAE04EC0-301F-11D3-BF4B-00C04F79EFBC}") = "FitRectangle.Model", "FitRectangle.Model\FitRectangle.Model.csproj", "{207D6D35-3A87-4D8E-B652-7974E33F46EF}"
EndProject
Global
	GlobalSection(SolutionConfigurationPlatforms) = preSolution
		Debug|Any CPU = Debug|Any CPU
		Release|Any CPU = Release|Any CPU
	EndGlobalSection
	GlobalSection(ProjectConfigurationPlatforms) = postSolution
		{18FAC2CE-2A86-424E-8D91-A6BF50B70B61}.Debug|Any CPU.ActiveCfg = Debug|Any CPU
		{18FAC2CE-2A86-424E-8D91-A6BF50B70B61}.Debug|Any CPU.Build.0 = Debug|Any CPU
		{18FAC2CE-2A86-424E-8D91-A6BF50B70B61}.Release|Any CPU.ActiveCfg = Release|Any CPU
		{18FAC2CE-2A86-424E-8D91-A6BF50B70B61}.Release|Any CPU.Build.0 = Release|Any CPU
		{207D6D35-3A87-4D8E-B652-7974E33F46EF}.Debug|Any CPU.ActiveCfg = Debug|Any CPU
		{207D6D35-3A87-4D8E-B652-7974E33F46EF}.Debug|Any CPU.Build.0 = Debug|Any CPU
		{207D6D35-3A87-4D8E-B652-7974E33F46EF}.Release|Any CPU.ActiveCfg = Release|Any CPU
		{207D6D35-3A87-4D8E-B652-7974E33F46EF}.Release|Any CPU.Build.0 = Release|Any CPU
	EndGlobalSection
EndGlobal
